
Microsoft Visual Studio Solution File, Format Version 11.00
# Visual Studio 2010
Project("{FAE04EC0-301F-11D3-BF4B-00C04F79EFBC}") = "Assembly-CSharp", "Assembly-CSharp.csproj", "{9912A23D-8315-1CA4-742F-3B4063C20BF0}"
EndProject
Project("{FAE04EC0-301F-11D3-BF4B-00C04F79EFBC}") = "Assembly-CSharp-Editor", "Assembly-CSharp-Editor.csproj", "{182D2FE5-1FB0-7875-3F1A-75048074A254}"
EndProject
Global
	GlobalSection(SolutionConfigurationPlatforms) = preSolution
		Debug|Any CPU = Debug|Any CPU
		Release|Any CPU = Release|Any CPU
	EndGlobalSection
	GlobalSection(ProjectConfigurationPlatforms) = postSolution
		{9912A23D-8315-1CA4-742F-3B4063C20BF0}.Debug|Any CPU.ActiveCfg = Debug|Any CPU
		{9912A23D-8315-1CA4-742F-3B4063C20BF0}.Debug|Any CPU.Build.0 = Debug|Any CPU
		{9912A23D-8315-1CA4-742F-3B4063C20BF0}.Release|Any CPU.ActiveCfg = Release|Any CPU
		{9912A23D-8315-1CA4-742F-3B4063C20BF0}.Release|Any CPU.Build.0 = Release|Any CPU
		{182D2FE5-1FB0-7875-3F1A-75048074A254}.Debug|Any CPU.ActiveCfg = Debug|Any CPU
		{182D2FE5-1FB0-7875-3F1A-75048074A254}.Debug|Any CPU.Build.0 = Debug|Any CPU
		{182D2FE5-1FB0-7875-3F1A-75048074A254}.Release|Any CPU.ActiveCfg = Release|Any CPU
		{182D2FE5-1FB0-7875-3F1A-75048074A254}.Release|Any CPU.Build.0 = Release|Any CPU
	EndGlobalSection
	GlobalSection(SolutionProperties) = preSolution
		HideSolutionNode = FALSE
	EndGlobalSection
EndGlobal
