
Microsoft Visual Studio Solution File, Format Version 11.00
# Visual Studio 2010
Project("{FAE04EC0-301F-11D3-BF4B-00C04F79EFBC}") = "Assembly-CSharp", "Assembly-CSharp.csproj", "{B34C83A4-54DE-1DE2-E058-5F52533A53C2}"
EndProject
Project("{FAE04EC0-301F-11D3-BF4B-00C04F79EFBC}") = "Assembly-CSharp-Editor", "Assembly-CSharp-Editor.csproj", "{1ECC9337-17FF-21E4-1845-98287FCAA60D}"
EndProject
Global
	GlobalSection(SolutionConfigurationPlatforms) = preSolution
		Debug|Any CPU = Debug|Any CPU
		Release|Any CPU = Release|Any CPU
	EndGlobalSection
	GlobalSection(ProjectConfigurationPlatforms) = postSolution
		{B34C83A4-54DE-1DE2-E058-5F52533A53C2}.Debug|Any CPU.ActiveCfg = Debug|Any CPU
		{B34C83A4-54DE-1DE2-E058-5F52533A53C2}.Debug|Any CPU.Build.0 = Debug|Any CPU
		{B34C83A4-54DE-1DE2-E058-5F52533A53C2}.Release|Any CPU.ActiveCfg = Release|Any CPU
		{B34C83A4-54DE-1DE2-E058-5F52533A53C2}.Release|Any CPU.Build.0 = Release|Any CPU
		{1ECC9337-17FF-21E4-1845-98287FCAA60D}.Debug|Any CPU.ActiveCfg = Debug|Any CPU
		{1ECC9337-17FF-21E4-1845-98287FCAA60D}.Debug|Any CPU.Build.0 = Debug|Any CPU
		{1ECC9337-17FF-21E4-1845-98287FCAA60D}.Release|Any CPU.ActiveCfg = Release|Any CPU
		{1ECC9337-17FF-21E4-1845-98287FCAA60D}.Release|Any CPU.Build.0 = Release|Any CPU
	EndGlobalSection
	GlobalSection(SolutionProperties) = preSolution
		HideSolutionNode = FALSE
	EndGlobalSection
EndGlobal
