
Microsoft Visual Studio Solution File, Format Version 11.00
# Visual Studio 2010
Project("{FAE04EC0-301F-11D3-BF4B-00C04F79EFBC}") = "Assembly-CSharp", "Assembly-CSharp.csproj", "{5411A2D5-AC20-1E96-1C1C-1224E62D9665}"
EndProject
Project("{FAE04EC0-301F-11D3-BF4B-00C04F79EFBC}") = "Assembly-CSharp-Editor", "Assembly-CSharp-Editor.csproj", "{F46103EB-BDDF-8ABA-8232-E0CD775D0866}"
EndProject
Global
	GlobalSection(SolutionConfigurationPlatforms) = preSolution
		Debug|Any CPU = Debug|Any CPU
		Release|Any CPU = Release|Any CPU
	EndGlobalSection
	GlobalSection(ProjectConfigurationPlatforms) = postSolution
		{5411A2D5-AC20-1E96-1C1C-1224E62D9665}.Debug|Any CPU.ActiveCfg = Debug|Any CPU
		{5411A2D5-AC20-1E96-1C1C-1224E62D9665}.Debug|Any CPU.Build.0 = Debug|Any CPU
		{5411A2D5-AC20-1E96-1C1C-1224E62D9665}.Release|Any CPU.ActiveCfg = Release|Any CPU
		{5411A2D5-AC20-1E96-1C1C-1224E62D9665}.Release|Any CPU.Build.0 = Release|Any CPU
		{F46103EB-BDDF-8ABA-8232-E0CD775D0866}.Debug|Any CPU.ActiveCfg = Debug|Any CPU
		{F46103EB-BDDF-8ABA-8232-E0CD775D0866}.Debug|Any CPU.Build.0 = Debug|Any CPU
		{F46103EB-BDDF-8ABA-8232-E0CD775D0866}.Release|Any CPU.ActiveCfg = Release|Any CPU
		{F46103EB-BDDF-8ABA-8232-E0CD775D0866}.Release|Any CPU.Build.0 = Release|Any CPU
	EndGlobalSection
	GlobalSection(SolutionProperties) = preSolution
		HideSolutionNode = FALSE
	EndGlobalSection
EndGlobal
